
Microsoft Visual Studio Solution File, Format Version 12.00
Project("{FAE04EC0-301F-11D3-BF4B-00C04F79EFBC}") = "ApiGateway", "ApiGateway\ApiGateway.csproj", "{15A7009C-82E0-4E1D-83E0-6B7D481F8C32}"
EndProject
Project("{2150E333-8FDC-42A3-9474-1A3956D46DE8}") = "tests", "tests", "{0AB3BF05-4346-4AA6-1389-037BE0695223}"
EndProject
Project("{FAE04EC0-301F-11D3-BF4B-00C04F79EFBC}") = "ApiGateway.IntegrationTests", "tests\ApiGateway.IntegrationTests\ApiGateway.IntegrationTests.csproj", "{88363F71-5475-488A-951D-A2756A028FED}"
EndProject
Global
	GlobalSection(SolutionConfigurationPlatforms) = preSolution
		Debug|Any CPU = Debug|Any CPU
		Debug|x64 = Debug|x64
		Debug|x86 = Debug|x86
		Release|Any CPU = Release|Any CPU
		Release|x64 = Release|x64
		Release|x86 = Release|x86
	EndGlobalSection
	GlobalSection(ProjectConfigurationPlatforms) = postSolution
		{15A7009C-82E0-4E1D-83E0-6B7D481F8C32}.Debug|Any CPU.ActiveCfg = Debug|Any CPU
		{15A7009C-82E0-4E1D-83E0-6B7D481F8C32}.Debug|Any CPU.Build.0 = Debug|Any CPU
		{15A7009C-82E0-4E1D-83E0-6B7D481F8C32}.Debug|x64.ActiveCfg = Debug|Any CPU
		{15A7009C-82E0-4E1D-83E0-6B7D481F8C32}.Debug|x64.Build.0 = Debug|Any CPU
		{15A7009C-82E0-4E1D-83E0-6B7D481F8C32}.Debug|x86.ActiveCfg = Debug|Any CPU
		{15A7009C-82E0-4E1D-83E0-6B7D481F8C32}.Debug|x86.Build.0 = Debug|Any CPU
		{15A7009C-82E0-4E1D-83E0-6B7D481F8C32}.Release|Any CPU.ActiveCfg = Release|Any CPU
		{15A7009C-82E0-4E1D-83E0-6B7D481F8C32}.Release|Any CPU.Build.0 = Release|Any CPU
		{15A7009C-82E0-4E1D-83E0-6B7D481F8C32}.Release|x64.ActiveCfg = Release|Any CPU
		{15A7009C-82E0-4E1D-83E0-6B7D481F8C32}.Release|x64.Build.0 = Release|Any CPU
		{15A7009C-82E0-4E1D-83E0-6B7D481F8C32}.Release|x86.ActiveCfg = Release|Any CPU
		{15A7009C-82E0-4E1D-83E0-6B7D481F8C32}.Release|x86.Build.0 = Release|Any CPU
		{88363F71-5475-488A-951D-A2756A028FED}.Debug|Any CPU.ActiveCfg = Debug|Any CPU
		{88363F71-5475-488A-951D-A2756A028FED}.Debug|Any CPU.Build.0 = Debug|Any CPU
		{88363F71-5475-488A-951D-A2756A028FED}.Debug|x64.ActiveCfg = Debug|Any CPU
		{88363F71-5475-488A-951D-A2756A028FED}.Debug|x64.Build.0 = Debug|Any CPU
		{88363F71-5475-488A-951D-A2756A028FED}.Debug|x86.ActiveCfg = Debug|Any CPU
		{88363F71-5475-488A-951D-A2756A028FED}.Debug|x86.Build.0 = Debug|Any CPU
		{88363F71-5475-488A-951D-A2756A028FED}.Release|Any CPU.ActiveCfg = Release|Any CPU
		{88363F71-5475-488A-951D-A2756A028FED}.Release|Any CPU.Build.0 = Release|Any CPU
		{88363F71-5475-488A-951D-A2756A028FED}.Release|x64.ActiveCfg = Release|Any CPU
		{88363F71-5475-488A-951D-A2756A028FED}.Release|x64.Build.0 = Release|Any CPU
		{88363F71-5475-488A-951D-A2756A028FED}.Release|x86.ActiveCfg = Release|Any CPU
		{88363F71-5475-488A-951D-A2756A028FED}.Release|x86.Build.0 = Release|Any CPU
	EndGlobalSection
	GlobalSection(SolutionProperties) = preSolution
		HideSolutionNode = FALSE
	EndGlobalSection
	GlobalSection(NestedProjects) = preSolution
		{88363F71-5475-488A-951D-A2756A028FED} = {0AB3BF05-4346-4AA6-1389-037BE0695223}
	EndGlobalSection
EndGlobal
